
Microsoft Visual Studio Solution File, Format Version 12.00
# Visual Studio 15
VisualStudioVersion = 15.0.27703.2047
MinimumVisualStudioVersion = 10.0.40219.1
Project("{FAE04EC0-301F-11D3-BF4B-00C04F79EFBC}") = "NFeApp", "NotaEletronica\NFeApp.csproj", "{E8E7294A-65F7-41B6-8E30-328ECF484F1D}"
EndProject
Project("{FAE04EC0-301F-11D3-BF4B-00C04F79EFBC}") = "ServiceModelEvents", "ServiceModelEvents\ServiceModelEvents.csproj", "{A44E274B-46F7-4C4A-86C9-7806669E5D9D}"
EndProject
Global
	GlobalSection(SolutionConfigurationPlatforms) = preSolution
		Debug|Any CPU = Debug|Any CPU
		Release|Any CPU = Release|Any CPU
	EndGlobalSection
	GlobalSection(ProjectConfigurationPlatforms) = postSolution
		{E8E7294A-65F7-41B6-8E30-328ECF484F1D}.Debug|Any CPU.ActiveCfg = Debug|Any CPU
		{E8E7294A-65F7-41B6-8E30-328ECF484F1D}.Debug|Any CPU.Build.0 = Debug|Any CPU
		{E8E7294A-65F7-41B6-8E30-328ECF484F1D}.Release|Any CPU.ActiveCfg = Release|Any CPU
		{E8E7294A-65F7-41B6-8E30-328ECF484F1D}.Release|Any CPU.Build.0 = Release|Any CPU
		{A44E274B-46F7-4C4A-86C9-7806669E5D9D}.Debug|Any CPU.ActiveCfg = Debug|Any CPU
		{A44E274B-46F7-4C4A-86C9-7806669E5D9D}.Debug|Any CPU.Build.0 = Debug|Any CPU
		{A44E274B-46F7-4C4A-86C9-7806669E5D9D}.Release|Any CPU.ActiveCfg = Release|Any CPU
		{A44E274B-46F7-4C4A-86C9-7806669E5D9D}.Release|Any CPU.Build.0 = Release|Any CPU
	EndGlobalSection
	GlobalSection(SolutionProperties) = preSolution
		HideSolutionNode = FALSE
	EndGlobalSection
	GlobalSection(ExtensibilityGlobals) = postSolution
		SolutionGuid = {A698C63C-1FA7-4E29-8F4D-911E100CDEAA}
	EndGlobalSection
EndGlobal
